{
  "nodes": {
    "agenix": {
      "inputs": {
        "darwin": "darwin",
        "home-manager": [
          "home-manager"
        ],
        "nixpkgs": [
          "nixpkgs"
        ],
        "systems": "systems"
      },
      "locked": {
        "lastModified": 1723293904,
        "narHash": "sha256-b+uqzj+Wa6xgMS9aNbX4I+sXeb5biPDi39VgvSFqFvU=",
        "owner": "ryantm",
        "repo": "agenix",
        "rev": "f6291c5935fdc4e0bef208cfc0dcab7e3f7a1c41",
        "type": "github"
      },
      "original": {
        "owner": "ryantm",
        "repo": "agenix",
        "type": "github"
      }
    },
    "autojump-rs": {
      "flake": false,
      "locked": {
        "lastModified": 1672629524,
        "narHash": "sha256-frq7UPaZe4RCSkMN+JuIw3cZdzneGBaiC3BGevw2QV8=",
        "type": "tarball",
        "url": "https://github.com/xen0n/autojump-rs/releases/latest/download/autojump-x86_64-unknown-linux-musl.tar.gz"
      },
      "original": {
        "type": "tarball",
        "url": "https://github.com/xen0n/autojump-rs/releases/latest/download/autojump-x86_64-unknown-linux-musl.tar.gz"
      }
    },
    "darwin": {
      "inputs": {
        "nixpkgs": [
          "agenix",
          "nixpkgs"
        ]
      },
      "locked": {
        "lastModified": 1700795494,
        "narHash": "sha256-gzGLZSiOhf155FW7262kdHo2YDeugp3VuIFb4/GGng0=",
        "owner": "lnl7",
        "repo": "nix-darwin",
        "rev": "4b9b83d5a92e8c1fbfd8eb27eda375908c11ec4d",
        "type": "github"
      },
      "original": {
        "owner": "lnl7",
        "ref": "master",
        "repo": "nix-darwin",
        "type": "github"
      }
    },
    "fenix": {
      "inputs": {
        "nixpkgs": [
          "nixpkgs"
        ],
        "rust-analyzer-src": "rust-analyzer-src"
      },
      "locked": {
        "lastModified": 1728801165,
        "narHash": "sha256-nFfzi42MkHBrpK4EkxHJFZ1HzmnHVW4NjN1qEf9tA4U=",
        "owner": "nix-community",
        "repo": "fenix",
        "rev": "9d17341a4f227fe15a0bca44655736b3808e6a03",
        "type": "github"
      },
      "original": {
        "owner": "nix-community",
        "repo": "fenix",
        "type": "github"
      }
    },
    "fishPlugin-autopair": {
      "flake": false,
      "locked": {
        "lastModified": 1656950411,
        "narHash": "sha256-qt3t1iKRRNuiLWiVoiAYOu+9E7jsyECyIqZJ/oRIT1A=",
        "owner": "jorgebucaran",
        "repo": "autopair.fish",
        "rev": "4d1752ff5b39819ab58d7337c69220342e9de0e2",
        "type": "github"
      },
      "original": {
        "owner": "jorgebucaran",
        "repo": "autopair.fish",
        "type": "github"
      }
    },
    "fishPlugin-fish-abbreviation-tips": {
      "flake": false,
      "locked": {
        "lastModified": 1674487577,
        "narHash": "sha256-F1t81VliD+v6WEWqj1c1ehFBXzqLyumx5vV46s/FZRU=",
        "owner": "Gazorby",
        "repo": "fish-abbreviation-tips",
        "rev": "8ed76a62bb044ba4ad8e3e6832640178880df485",
        "type": "github"
      },
      "original": {
        "owner": "Gazorby",
        "repo": "fish-abbreviation-tips",
        "type": "github"
      }
    },
    "fishPlugin-fish-command-timer": {
      "flake": false,
      "locked": {
        "lastModified": 1652766284,
        "narHash": "sha256-Ip677gZlcO8L/xukD7Qoa+C+EcI2kGd+BSOi2CDOzM4=",
        "owner": "jichu4n",
        "repo": "fish-command-timer",
        "rev": "ba68bd0a1d06ea99aadefe5a4f32ff512783d432",
        "type": "github"
      },
      "original": {
        "owner": "jichu4n",
        "repo": "fish-command-timer",
        "type": "github"
      }
    },
    "fishPlugin-fish-ssh-agent": {
      "flake": false,
      "locked": {
        "lastModified": 1605087262,
        "narHash": "sha256-e94Sd1GSUAxwLVVo5yR6msq0jZLOn2m+JZJ6mvwQdLs=",
        "owner": "danhper",
        "repo": "fish-ssh-agent",
        "rev": "fd70a2afdd03caf9bf609746bf6b993b9e83be57",
        "type": "github"
      },
      "original": {
        "owner": "danhper",
        "repo": "fish-ssh-agent",
        "type": "github"
      }
    },
    "fishPlugin-puffer-fish": {
      "flake": false,
      "locked": {
        "lastModified": 1709511829,
        "narHash": "sha256-2niYj0NLfmVIQguuGTA7RrPIcorJEPkxhH6Dhcy+6Bk=",
        "owner": "nickeb96",
        "repo": "puffer-fish",
        "rev": "12d062eae0ad24f4ec20593be845ac30cd4b5923",
        "type": "github"
      },
      "original": {
        "owner": "nickeb96",
        "repo": "puffer-fish",
        "type": "github"
      }
    },
    "fishPlugin-replay": {
      "flake": false,
      "locked": {
        "lastModified": 1719805987,
        "narHash": "sha256-TzQ97h9tBRUg+A7DSKeTBWLQuThicbu19DHMwkmUXdg=",
        "owner": "jorgebucaran",
        "repo": "replay.fish",
        "rev": "d2ecacd3fe7126e822ce8918389f3ad93b14c86c",
        "type": "github"
      },
      "original": {
        "owner": "jorgebucaran",
        "repo": "replay.fish",
        "type": "github"
      }
    },
    "flake-compat": {
      "locked": {
        "lastModified": 1696426674,
        "narHash": "sha256-kvjfFW7WAETZlt09AgDn1MrtKzP7t90Vf7vypd3OL1U=",
        "owner": "edolstra",
        "repo": "flake-compat",
        "rev": "0f9255e01c2351cc7d116c072cb317785dd33b33",
        "type": "github"
      },
      "original": {
        "owner": "edolstra",
        "repo": "flake-compat",
        "type": "github"
      }
    },
    "flake-compat_2": {
      "locked": {
        "lastModified": 1696426674,
        "narHash": "sha256-kvjfFW7WAETZlt09AgDn1MrtKzP7t90Vf7vypd3OL1U=",
        "rev": "0f9255e01c2351cc7d116c072cb317785dd33b33",
        "revCount": 57,
        "type": "tarball",
        "url": "https://api.flakehub.com/f/pinned/edolstra/flake-compat/1.0.1/018afb31-abd1-7bff-a5e4-cff7e18efb7a/source.tar.gz"
      },
      "original": {
        "type": "tarball",
        "url": "https://flakehub.com/f/edolstra/flake-compat/1.tar.gz"
      }
    },
    "flake-parts": {
      "inputs": {
        "nixpkgs-lib": "nixpkgs-lib"
      },
      "locked": {
        "lastModified": 1727826117,
        "narHash": "sha256-K5ZLCyfO/Zj9mPFldf3iwS6oZStJcU4tSpiXTMYaaL0=",
        "owner": "hercules-ci",
        "repo": "flake-parts",
        "rev": "3d04084d54bedc3d6b8b736c70ef449225c361b1",
        "type": "github"
      },
      "original": {
        "owner": "hercules-ci",
        "repo": "flake-parts",
        "type": "github"
      }
    },
    "flake-utils": {
      "inputs": {
        "systems": "systems_2"
      },
      "locked": {
        "lastModified": 1710146030,
        "narHash": "sha256-SZ5L6eA7HJ/nmkzGG7/ISclqe6oZdOZTNoesiInkXPQ=",
        "owner": "numtide",
        "repo": "flake-utils",
        "rev": "b1d9ab70662946ef0850d488da1c9019f3a9752a",
        "type": "github"
      },
      "original": {
        "owner": "numtide",
        "repo": "flake-utils",
        "type": "github"
      }
    },
    "flake-utils_2": {
      "inputs": {
        "systems": "systems_3"
      },
      "locked": {
        "lastModified": 1710146030,
        "narHash": "sha256-SZ5L6eA7HJ/nmkzGG7/ISclqe6oZdOZTNoesiInkXPQ=",
        "owner": "numtide",
        "repo": "flake-utils",
        "rev": "b1d9ab70662946ef0850d488da1c9019f3a9752a",
        "type": "github"
      },
      "original": {
        "owner": "numtide",
        "repo": "flake-utils",
        "type": "github"
      }
    },
    "flake-utils_3": {
      "inputs": {
        "systems": "systems_4"
      },
      "locked": {
        "lastModified": 1681202837,
        "narHash": "sha256-H+Rh19JDwRtpVPAWp64F+rlEtxUWBAQW28eAi3SRSzg=",
        "owner": "numtide",
        "repo": "flake-utils",
        "rev": "cfacdce06f30d2b68473a46042957675eebb3401",
        "type": "github"
      },
      "original": {
        "owner": "numtide",
        "repo": "flake-utils",
        "type": "github"
      }
    },
    "home-manager": {
      "inputs": {
        "nixpkgs": [
          "nixpkgs"
        ]
      },
      "locked": {
        "lastModified": 1726989464,
        "narHash": "sha256-Vl+WVTJwutXkimwGprnEtXc/s/s8sMuXzqXaspIGlwM=",
        "owner": "nix-community",
        "repo": "home-manager",
        "rev": "2f23fa308a7c067e52dfcc30a0758f47043ec176",
        "type": "github"
      },
      "original": {
        "owner": "nix-community",
        "ref": "release-24.05",
        "repo": "home-manager",
        "type": "github"
      }
    },
    "home-manager-unstable": {
      "inputs": {
        "nixpkgs": [
          "nixpkgs-unstable"
        ]
      },
      "locked": {
        "lastModified": 1728791962,
        "narHash": "sha256-nr5QiXwQcZmf6/auC1UpX8iAtINMtdi2mH+OkqJQVmU=",
        "owner": "nix-community",
        "repo": "home-manager",
        "rev": "64c6325b28ebd708653dd41d88f306023f296184",
        "type": "github"
      },
      "original": {
        "owner": "nix-community",
        "repo": "home-manager",
        "type": "github"
      }
    },
    "nix-alien": {
      "inputs": {
        "flake-compat": "flake-compat",
        "flake-utils": "flake-utils",
        "nix-filter": "nix-filter",
        "nix-index-database": "nix-index-database",
        "nixpkgs": "nixpkgs"
      },
      "locked": {
        "lastModified": 1726398642,
        "narHash": "sha256-tBM92BUtvY3vawqzl50VLY/EFhxw9LjuB/QN6QUC4ls=",
        "owner": "thiagokokada",
        "repo": "nix-alien",
        "rev": "399c8e50f10d9bace3a024496e5f4dee28bdfdcd",
        "type": "github"
      },
      "original": {
        "owner": "thiagokokada",
        "repo": "nix-alien",
        "type": "github"
      }
    },
    "nix-filter": {
      "locked": {
        "lastModified": 1710156097,
        "narHash": "sha256-1Wvk8UP7PXdf8bCCaEoMnOT1qe5/Duqgj+rL8sRQsSM=",
        "owner": "numtide",
        "repo": "nix-filter",
        "rev": "3342559a24e85fc164b295c3444e8a139924675b",
        "type": "github"
      },
      "original": {
        "owner": "numtide",
        "repo": "nix-filter",
        "type": "github"
      }
    },
    "nix-index-database": {
      "inputs": {
        "nixpkgs": [
          "nix-alien",
          "nixpkgs"
        ]
      },
      "locked": {
        "lastModified": 1726370017,
        "narHash": "sha256-CJOV4JiLhd++w9K+h2z00DiB4R1CCuElWzhldrXSq5w=",
        "owner": "nix-community",
        "repo": "nix-index-database",
        "rev": "0a2fba621b6bbf06be0b4edd974236e3d2fcc1a9",
        "type": "github"
      },
      "original": {
        "owner": "nix-community",
        "repo": "nix-index-database",
        "type": "github"
      }
    },
    "nix-search": {
      "inputs": {
        "flake-compat": "flake-compat_2",
        "flake-utils": "flake-utils_2",
        "nixpkgs": "nixpkgs_2"
      },
      "locked": {
        "lastModified": 1724483848,
        "narHash": "sha256-h9yYOjL9i/m0r5NbqMcLMFNnwSKsIgfUr5qk+47pOtc=",
        "owner": "diamondburned",
        "repo": "nix-search",
        "rev": "e616ac1c82a616fa6e6d8c94839c5052eb8c808d",
        "type": "github"
      },
      "original": {
        "owner": "diamondburned",
        "repo": "nix-search",
        "type": "github"
      }
    },
    "nixos-vscode-server": {
      "inputs": {
        "flake-utils": "flake-utils_3",
        "nixpkgs": "nixpkgs_3"
      },
      "locked": {
        "lastModified": 1713958148,
        "narHash": "sha256-8PDNi/dgoI2kyM7uSiU4eoLBqUKoA+3TXuz+VWmuCOc=",
        "owner": "msteen",
        "repo": "nixos-vscode-server",
        "rev": "fc900c16efc6a5ed972fb6be87df018bcf3035bc",
        "type": "github"
      },
      "original": {
        "owner": "msteen",
        "ref": "master",
        "repo": "nixos-vscode-server",
        "type": "github"
      }
    },
    "nixpkgs": {
      "locked": {
        "lastModified": 1726062873,
        "narHash": "sha256-IiA3jfbR7K/B5+9byVi9BZGWTD4VSbWe8VLpp9B/iYk=",
        "owner": "NixOS",
        "repo": "nixpkgs",
        "rev": "4f807e8940284ad7925ebd0a0993d2a1791acb2f",
        "type": "github"
      },
      "original": {
        "owner": "NixOS",
        "ref": "nixos-unstable",
        "repo": "nixpkgs",
        "type": "github"
      }
    },
    "nixpkgs-cuda-12_2": {
      "locked": {
        "lastModified": 1723635686,
        "narHash": "sha256-iNYh7Kb0D+MQ8IHM4+8bT1bUS5RNW6gVSDe2yTO1aAk=",
        "owner": "nixos",
        "repo": "nixpkgs",
        "rev": "0cb2fd7c59fed0cd82ef858cbcbdb552b9a33465",
        "type": "github"
      },
      "original": {
        "owner": "nixos",
        "repo": "nixpkgs",
        "rev": "0cb2fd7c59fed0cd82ef858cbcbdb552b9a33465",
        "type": "github"
      }
    },
    "nixpkgs-cuda-12_4": {
      "locked": {
        "lastModified": 1725980463,
        "narHash": "sha256-3ruEhwpLlccjwYTvLCyFAtPndcRxAs3XazL2lhOXucI=",
        "owner": "nixos",
        "repo": "nixpkgs",
        "rev": "5ed627539ac84809c78b2dd6d26a5cebeb5ae269",
        "type": "github"
      },
      "original": {
        "owner": "nixos",
        "repo": "nixpkgs",
        "rev": "5ed627539ac84809c78b2dd6d26a5cebeb5ae269",
        "type": "github"
      }
    },
    "nixpkgs-lib": {
      "locked": {
        "lastModified": 1727825735,
        "narHash": "sha256-0xHYkMkeLVQAMa7gvkddbPqpxph+hDzdu1XdGPJR+Os=",
        "type": "tarball",
        "url": "https://github.com/NixOS/nixpkgs/archive/fb192fec7cc7a4c26d51779e9bab07ce6fa5597a.tar.gz"
      },
      "original": {
        "type": "tarball",
        "url": "https://github.com/NixOS/nixpkgs/archive/fb192fec7cc7a4c26d51779e9bab07ce6fa5597a.tar.gz"
      }
    },
    "nixpkgs-unstable": {
      "locked": {
        "lastModified": 1728492678,
        "narHash": "sha256-9UTxR8eukdg+XZeHgxW5hQA9fIKHsKCdOIUycTryeVw=",
        "owner": "nixos",
        "repo": "nixpkgs",
        "rev": "5633bcff0c6162b9e4b5f1264264611e950c8ec7",
        "type": "github"
      },
      "original": {
        "owner": "nixos",
        "ref": "nixos-unstable",
        "repo": "nixpkgs",
        "type": "github"
      }
    },
    "nixpkgs_2": {
      "locked": {
        "lastModified": 1713537308,
        "narHash": "sha256-XtTSSIB2DA6tOv+l0FhvfDMiyCmhoRbNB+0SeInZkbk=",
        "owner": "nixos",
        "repo": "nixpkgs",
        "rev": "5c24cf2f0a12ad855f444c30b2421d044120c66f",
        "type": "github"
      },
      "original": {
        "owner": "nixos",
        "ref": "nixos-unstable",
        "repo": "nixpkgs",
        "type": "github"
      }
    },
    "nixpkgs_3": {
      "locked": {
        "lastModified": 1682134069,
        "narHash": "sha256-TnI/ZXSmRxQDt2sjRYK/8j8iha4B4zP2cnQCZZ3vp7k=",
        "owner": "NixOS",
        "repo": "nixpkgs",
        "rev": "fd901ef4bf93499374c5af385b2943f5801c0833",
        "type": "github"
      },
      "original": {
        "id": "nixpkgs",
        "type": "indirect"
      }
    },
    "nixpkgs_4": {
      "locked": {
        "lastModified": 1728740863,
        "narHash": "sha256-u+rxA79a0lyhG+u+oPBRtTDtzz8kvkc9a6SWSt9ekVc=",
        "owner": "nixos",
        "repo": "nixpkgs",
        "rev": "a3f9ad65a0bf298ed5847629a57808b97e6e8077",
        "type": "github"
      },
      "original": {
        "owner": "nixos",
        "ref": "nixos-24.05",
        "repo": "nixpkgs",
        "type": "github"
      }
    },
    "nur": {
      "locked": {
        "lastModified": 1728810304,
        "narHash": "sha256-N5QXYGEpInlhnrMGg8m9SbSLyjoZUTiGPCORC9uxcn8=",
        "owner": "nix-community",
        "repo": "NUR",
        "rev": "fbcb5c26f0df361b4e041d04dc604ea03de9b0df",
        "type": "github"
      },
      "original": {
        "owner": "nix-community",
        "repo": "NUR",
        "type": "github"
      }
    },
    "root": {
      "inputs": {
        "agenix": "agenix",
        "autojump-rs": "autojump-rs",
        "fenix": "fenix",
        "fishPlugin-autopair": "fishPlugin-autopair",
        "fishPlugin-fish-abbreviation-tips": "fishPlugin-fish-abbreviation-tips",
        "fishPlugin-fish-command-timer": "fishPlugin-fish-command-timer",
        "fishPlugin-fish-ssh-agent": "fishPlugin-fish-ssh-agent",
        "fishPlugin-puffer-fish": "fishPlugin-puffer-fish",
        "fishPlugin-replay": "fishPlugin-replay",
        "flake-parts": "flake-parts",
        "home-manager": "home-manager",
        "home-manager-unstable": "home-manager-unstable",
        "nix-alien": "nix-alien",
        "nix-search": "nix-search",
        "nixos-vscode-server": "nixos-vscode-server",
        "nixpkgs": "nixpkgs_4",
        "nixpkgs-cuda-12_2": "nixpkgs-cuda-12_2",
        "nixpkgs-cuda-12_4": "nixpkgs-cuda-12_4",
        "nixpkgs-unstable": "nixpkgs-unstable",
        "nur": "nur",
        "tmux-current-pane-hostname": "tmux-current-pane-hostname",
        "tmux-themepack": "tmux-themepack"
      }
    },
    "rust-analyzer-src": {
      "flake": false,
      "locked": {
        "lastModified": 1728719115,
        "narHash": "sha256-SLcHmKzkIuahBbSCWr2gzu6bXo6wF12JP4myDzH1CvQ=",
        "owner": "rust-lang",
        "repo": "rust-analyzer",
        "rev": "d7628c0a8b95cadefe89d9a45f9be5ee4898c6b1",
        "type": "github"
      },
      "original": {
        "owner": "rust-lang",
        "ref": "nightly",
        "repo": "rust-analyzer",
        "type": "github"
      }
    },
    "systems": {
      "locked": {
        "lastModified": 1681028828,
        "narHash": "sha256-Vy1rq5AaRuLzOxct8nz4T6wlgyUR7zLU309k9mBC768=",
        "owner": "nix-systems",
        "repo": "default",
        "rev": "da67096a3b9bf56a91d16901293e51ba5b49a27e",
        "type": "github"
      },
      "original": {
        "owner": "nix-systems",
        "repo": "default",
        "type": "github"
      }
    },
    "systems_2": {
      "locked": {
        "lastModified": 1681028828,
        "narHash": "sha256-Vy1rq5AaRuLzOxct8nz4T6wlgyUR7zLU309k9mBC768=",
        "owner": "nix-systems",
        "repo": "default",
        "rev": "da67096a3b9bf56a91d16901293e51ba5b49a27e",
        "type": "github"
      },
      "original": {
        "owner": "nix-systems",
        "repo": "default",
        "type": "github"
      }
    },
    "systems_3": {
      "locked": {
        "lastModified": 1681028828,
        "narHash": "sha256-Vy1rq5AaRuLzOxct8nz4T6wlgyUR7zLU309k9mBC768=",
        "owner": "nix-systems",
        "repo": "default",
        "rev": "da67096a3b9bf56a91d16901293e51ba5b49a27e",
        "type": "github"
      },
      "original": {
        "owner": "nix-systems",
        "repo": "default",
        "type": "github"
      }
    },
    "systems_4": {
      "locked": {
        "lastModified": 1681028828,
        "narHash": "sha256-Vy1rq5AaRuLzOxct8nz4T6wlgyUR7zLU309k9mBC768=",
        "owner": "nix-systems",
        "repo": "default",
        "rev": "da67096a3b9bf56a91d16901293e51ba5b49a27e",
        "type": "github"
      },
      "original": {
        "owner": "nix-systems",
        "repo": "default",
        "type": "github"
      }
    },
    "tmux-current-pane-hostname": {
      "flake": false,
      "locked": {
        "lastModified": 1607416066,
        "narHash": "sha256-vmGdHAWpYwo95tJNZlu9M5ZaC0qazTP4vT7tUAZHPfA=",
        "owner": "soyuka",
        "repo": "tmux-current-pane-hostname",
        "rev": "6bb3c95250f8120d8b072f46a807d2678ecbc97c",
        "type": "github"
      },
      "original": {
        "owner": "soyuka",
        "ref": "master",
        "repo": "tmux-current-pane-hostname",
        "type": "github"
      }
    },
    "tmux-themepack": {
      "flake": false,
      "locked": {
        "lastModified": 1577056464,
        "narHash": "sha256-c5EGBrKcrqHWTKpCEhxYfxPeERFrbTuDfcQhsUAbic4=",
        "owner": "jimeh",
        "repo": "tmux-themepack",
        "rev": "7c59902f64dcd7ea356e891274b21144d1ea5948",
        "type": "github"
      },
      "original": {
        "owner": "jimeh",
        "ref": "master",
        "repo": "tmux-themepack",
        "type": "github"
      }
    }
  },
  "root": "root",
  "version": 7
}
